// !$*UTF8*$!
{
	archiveVersion = 1;
	classes = {
	};
	objectVersion = 56;
	objects = {

/* Begin PBXBuildFile section */
		631C06332BB0838C00AA6EDF /* CardModel.swift in Sources */ = {isa = PBXBuildFile; fileRef = 631C06322BB0838C00AA6EDF /* CardModel.swift */; };
		631C06372BB08A1C00AA6EDF /* GameViewModel.swift in Sources */ = {isa = PBXBuildFile; fileRef = 631C06362BB08A1C00AA6EDF /* GameViewModel.swift */; };
		635EF47F2BB0F42400176B40 /* HeaderButton.swift in Sources */ = {isa = PBXBuildFile; fileRef = 635EF47E2BB0F42400176B40 /* HeaderButton.swift */; };
		635EF4812BB0F69B00176B40 /* GameHeader.swift in Sources */ = {isa = PBXBuildFile; fileRef = 635EF4802BB0F69B00176B40 /* GameHeader.swift */; };
		635EF4832BB0FBE800176B40 /* CardGrid.swift in Sources */ = {isa = PBXBuildFile; fileRef = 635EF4822BB0FBE800176B40 /* CardGrid.swift */; };
		63E7220F2BACC5E100DBA143 /* MemoryGameApp.swift in Sources */ = {isa = PBXBuildFile; fileRef = 63E7220E2BACC5E100DBA143 /* MemoryGameApp.swift */; };
		63E722112BACC5E100DBA143 /* GameView.swift in Sources */ = {isa = PBXBuildFile; fileRef = 63E722102BACC5E100DBA143 /* GameView.swift */; };
		63E722132BACC5E400DBA143 /* Assets.xcassets in Resources */ = {isa = PBXBuildFile; fileRef = 63E722122BACC5E400DBA143 /* Assets.xcassets */; };
		63E722162BACC5E400DBA143 /* Preview Assets.xcassets in Resources */ = {isa = PBXBuildFile; fileRef = 63E722152BACC5E400DBA143 /* Preview Assets.xcassets */; };
		63E7221D2BACC89600DBA143 /* CardView.swift in Sources */ = {isa = PBXBuildFile; fileRef = 63E7221C2BACC89600DBA143 /* CardView.swift */; };
/* End PBXBuildFile section */

/* Begin PBXFileReference section */
		631C06322BB0838C00AA6EDF /* CardModel.swift */ = {isa = PBXFileReference; lastKnownFileType = sourcecode.swift; path = CardModel.swift; sourceTree = "<group>"; };
		631C06362BB08A1C00AA6EDF /* GameViewModel.swift */ = {isa = PBXFileReference; lastKnownFileType = sourcecode.swift; path = GameViewModel.swift; sourceTree = "<group>"; };
		635EF47E2BB0F42400176B40 /* HeaderButton.swift */ = {isa = PBXFileReference; lastKnownFileType = sourcecode.swift; path = HeaderButton.swift; sourceTree = "<group>"; };
		635EF4802BB0F69B00176B40 /* GameHeader.swift */ = {isa = PBXFileReference; lastKnownFileType = sourcecode.swift; path = GameHeader.swift; sourceTree = "<group>"; };
		635EF4822BB0FBE800176B40 /* CardGrid.swift */ = {isa = PBXFileReference; lastKnownFileType = sourcecode.swift; path = CardGrid.swift; sourceTree = "<group>"; };
		63E7220B2BACC5E100DBA143 /* MemoryGame.app */ = {isa = PBXFileReference; explicitFileType = wrapper.application; includeInIndex = 0; path = MemoryGame.app; sourceTree = BUILT_PRODUCTS_DIR; };
		63E7220E2BACC5E100DBA143 /* MemoryGameApp.swift */ = {isa = PBXFileReference; lastKnownFileType = sourcecode.swift; path = MemoryGameApp.swift; sourceTree = "<group>"; };
		63E722102BACC5E100DBA143 /* GameView.swift */ = {isa = PBXFileReference; lastKnownFileType = sourcecode.swift; path = GameView.swift; sourceTree = "<group>"; };
		63E722122BACC5E400DBA143 /* Assets.xcassets */ = {isa = PBXFileReference; lastKnownFileType = folder.assetcatalog; path = Assets.xcassets; sourceTree = "<group>"; };
		63E722152BACC5E400DBA143 /* Preview Assets.xcassets */ = {isa = PBXFileReference; lastKnownFileType = folder.assetcatalog; path = "Preview Assets.xcassets"; sourceTree = "<group>"; };
		63E7221C2BACC89600DBA143 /* CardView.swift */ = {isa = PBXFileReference; lastKnownFileType = sourcecode.swift; path = CardView.swift; sourceTree = "<group>"; };
/* End PBXFileReference section */

/* Begin PBXFrameworksBuildPhase section */
		63E722082BACC5E100DBA143 /* Frameworks */ = {
			isa = PBXFrameworksBuildPhase;
			buildActionMask = 2147483647;
			files = (
			);
			runOnlyForDeploymentPostprocessing = 0;
		};
/* End PBXFrameworksBuildPhase section */

/* Begin PBXGroup section */
		631C06392BB0BFB300AA6EDF /* Models */ = {
			isa = PBXGroup;
			children = (
				631C06322BB0838C00AA6EDF /* CardModel.swift */,
				631C06362BB08A1C00AA6EDF /* GameViewModel.swift */,
			);
			path = Models;
			sourceTree = "<group>";
		};
		631C063A2BB0BFD900AA6EDF /* Subviews */ = {
			isa = PBXGroup;
			children = (
				63E7221C2BACC89600DBA143 /* CardView.swift */,
				635EF47E2BB0F42400176B40 /* HeaderButton.swift */,
				635EF4802BB0F69B00176B40 /* GameHeader.swift */,
				635EF4822BB0FBE800176B40 /* CardGrid.swift */,
			);
			path = Subviews;
			sourceTree = "<group>";
		};
		631C063B2BB0C00600AA6EDF /* MainView */ = {
			isa = PBXGroup;
			children = (
				63E722102BACC5E100DBA143 /* GameView.swift */,
			);
			path = MainView;
			sourceTree = "<group>";
		};
		63E722022BACC5E100DBA143 = {
			isa = PBXGroup;
			children = (
				63E7220D2BACC5E100DBA143 /* MemoryGame */,
				63E7220C2BACC5E100DBA143 /* Products */,
			);
			sourceTree = "<group>";
		};
		63E7220C2BACC5E100DBA143 /* Products */ = {
			isa = PBXGroup;
			children = (
				63E7220B2BACC5E100DBA143 /* MemoryGame.app */,
			);
			name = Products;
			sourceTree = "<group>";
		};
		63E7220D2BACC5E100DBA143 /* MemoryGame */ = {
			isa = PBXGroup;
			children = (
				631C063B2BB0C00600AA6EDF /* MainView */,
				631C06392BB0BFB300AA6EDF /* Models */,
				631C063A2BB0BFD900AA6EDF /* Subviews */,
				63E7220E2BACC5E100DBA143 /* MemoryGameApp.swift */,
				63E722122BACC5E400DBA143 /* Assets.xcassets */,
				63E722142BACC5E400DBA143 /* Preview Content */,
			);
			path = MemoryGame;
			sourceTree = "<group>";
		};
		63E722142BACC5E400DBA143 /* Preview Content */ = {
			isa = PBXGroup;
			children = (
				63E722152BACC5E400DBA143 /* Preview Assets.xcassets */,
			);
			path = "Preview Content";
			sourceTree = "<group>";
		};
/* End PBXGroup section */

/* Begin PBXNativeTarget section */
		63E7220A2BACC5E100DBA143 /* MemoryGame */ = {
			isa = PBXNativeTarget;
			buildConfigurationList = 63E722192BACC5E400DBA143 /* Build configuration list for PBXNativeTarget "MemoryGame" */;
			buildPhases = (
				63E722072BACC5E100DBA143 /* Sources */,
				63E722082BACC5E100DBA143 /* Frameworks */,
				63E722092BACC5E100DBA143 /* Resources */,
			);
			buildRules = (
			);
			dependencies = (
			);
			name = MemoryGame;
			productName = MemoryGame;
			productReference = 63E7220B2BACC5E100DBA143 /* MemoryGame.app */;
			productType = "com.apple.product-type.application";
		};
/* End PBXNativeTarget section */

/* Begin PBXProject section */
		63E722032BACC5E100DBA143 /* Project object */ = {
			isa = PBXProject;
			attributes = {
				BuildIndependentTargetsInParallel = 1;
				LastSwiftUpdateCheck = 1520;
				LastUpgradeCheck = 1520;
				TargetAttributes = {
					63E7220A2BACC5E100DBA143 = {
						CreatedOnToolsVersion = 15.2;
					};
				};
			};
			buildConfigurationList = 63E722062BACC5E100DBA143 /* Build configuration list for PBXProject "MemoryGame" */;
			compatibilityVersion = "Xcode 14.0";
			developmentRegion = en;
			hasScannedForEncodings = 0;
			knownRegions = (
				en,
				Base,
			);
			mainGroup = 63E722022BACC5E100DBA143;
			productRefGroup = 63E7220C2BACC5E100DBA143 /* Products */;
			projectDirPath = "";
			projectRoot = "";
			targets = (
				63E7220A2BACC5E100DBA143 /* MemoryGame */,
			);
		};
/* End PBXProject section */

/* Begin PBXResourcesBuildPhase section */
		63E722092BACC5E100DBA143 /* Resources */ = {
			isa = PBXResourcesBuildPhase;
			buildActionMask = 2147483647;
			files = (
				63E722162BACC5E400DBA143 /* Preview Assets.xcassets in Resources */,
				63E722132BACC5E400DBA143 /* Assets.xcassets in Resources */,
			);
			runOnlyForDeploymentPostprocessing = 0;
		};
/* End PBXResourcesBuildPhase section */

/* Begin PBXSourcesBuildPhase section */
		63E722072BACC5E100DBA143 /* Sources */ = {
			isa = PBXSourcesBuildPhase;
			buildActionMask = 2147483647;
			files = (
				631C06372BB08A1C00AA6EDF /* GameViewModel.swift in Sources */,
				635EF4832BB0FBE800176B40 /* CardGrid.swift in Sources */,
				635EF47F2BB0F42400176B40 /* HeaderButton.swift in Sources */,
				635EF4812BB0F69B00176B40 /* GameHeader.swift in Sources */,
				63E722112BACC5E100DBA143 /* GameView.swift in Sources */,
				63E7221D2BACC89600DBA143 /* CardView.swift in Sources */,
				631C06332BB0838C00AA6EDF /* CardModel.swift in Sources */,
				63E7220F2BACC5E100DBA143 /* MemoryGameApp.swift in Sources */,
			);
			runOnlyForDeploymentPostprocessing = 0;
		};
/* End PBXSourcesBuildPhase section */

/* Begin XCBuildConfiguration section */
		63E722172BACC5E400DBA143 /* Debug */ = {
			isa = XCBuildConfiguration;
			buildSettings = {
				ALWAYS_SEARCH_USER_PATHS = NO;
				ASSETCATALOG_COMPILER_GENERATE_SWIFT_ASSET_SYMBOL_EXTENSIONS = YES;
				CLANG_ANALYZER_NONNULL = YES;
				CLANG_ANALYZER_NUMBER_OBJECT_CONVERSION = YES_AGGRESSIVE;
				CLANG_CXX_LANGUAGE_STANDARD = "gnu++20";
				CLANG_ENABLE_MODULES = YES;
				CLANG_ENABLE_OBJC_ARC = YES;
				CLANG_ENABLE_OBJC_WEAK = YES;
				CLANG_WARN_BLOCK_CAPTURE_AUTORELEASING = YES;
				CLANG_WARN_BOOL_CONVERSION = YES;
				CLANG_WARN_COMMA = YES;
				CLANG_WARN_CONSTANT_CONVERSION = YES;
				CLANG_WARN_DEPRECATED_OBJC_IMPLEMENTATIONS = YES;
				CLANG_WARN_DIRECT_OBJC_ISA_USAGE = YES_ERROR;
				CLANG_WARN_DOCUMENTATION_COMMENTS = YES;
				CLANG_WARN_EMPTY_BODY = YES;
				CLANG_WARN_ENUM_CONVERSION = YES;
				CLANG_WARN_INFINITE_RECURSION = YES;
				CLANG_WARN_INT_CONVERSION = YES;
				CLANG_WARN_NON_LITERAL_NULL_CONVERSION = YES;
				CLANG_WARN_OBJC_IMPLICIT_RETAIN_SELF = YES;
				CLANG_WARN_OBJC_LITERAL_CONVERSION = YES;
				CLANG_WARN_OBJC_ROOT_CLASS = YES_ERROR;
				CLANG_WARN_QUOTED_INCLUDE_IN_FRAMEWORK_HEADER = YES;
				CLANG_WARN_RANGE_LOOP_ANALYSIS = YES;
				CLANG_WARN_STRICT_PROTOTYPES = YES;
				CLANG_WARN_SUSPICIOUS_MOVE = YES;
				CLANG_WARN_UNGUARDED_AVAILABILITY = YES_AGGRESSIVE;
				CLANG_WARN_UNREACHABLE_CODE = YES;
				CLANG_WARN__DUPLICATE_METHOD_MATCH = YES;
				COPY_PHASE_STRIP = NO;
				DEBUG_INFORMATION_FORMAT = dwarf;
				ENABLE_STRICT_OBJC_MSGSEND = YES;
				ENABLE_TESTABILITY = YES;
				ENABLE_USER_SCRIPT_SANDBOXING = YES;
				GCC_C_LANGUAGE_STANDARD = gnu17;
				GCC_DYNAMIC_NO_PIC = NO;
				GCC_NO_COMMON_BLOCKS = YES;
				GCC_OPTIMIZATION_LEVEL = 0;
				GCC_PREPROCESSOR_DEFINITIONS = (
					"DEBUG=1",
					"$(inherited)",
				);
				GCC_WARN_64_TO_32_BIT_CONVERSION = YES;
				GCC_WARN_ABOUT_RETURN_TYPE = YES_ERROR;
				GCC_WARN_UNDECLARED_SELECTOR = YES;
				GCC_WARN_UNINITIALIZED_AUTOS = YES_AGGRESSIVE;
				GCC_WARN_UNUSED_FUNCTION = YES;
				GCC_WARN_UNUSED_VARIABLE = YES;
				IPHONEOS_DEPLOYMENT_TARGET = 17.2;
				LOCALIZATION_PREFERS_STRING_CATALOGS = YES;
				MTL_ENABLE_DEBUG_INFO = INCLUDE_SOURCE;
				MTL_FAST_MATH = YES;
				ONLY_ACTIVE_ARCH = YES;
				SDKROOT = iphoneos;
				SWIFT_ACTIVE_COMPILATION_CONDITIONS = "DEBUG $(inherited)";
				SWIFT_OPTIMIZATION_LEVEL = "-Onone";
			};
			name = Debug;
		};
		63E722182BACC5E400DBA143 /* Release */ = {
			isa = XCBuildConfiguration;
			buildSettings = {
				ALWAYS_SEARCH_USER_PATHS = NO;
				ASSETCATALOG_COMPILER_GENERATE_SWIFT_ASSET_SYMBOL_EXTENSIONS = YES;
				CLANG_ANALYZER_NONNULL = YES;
				CLANG_ANALYZER_NUMBER_OBJECT_CONVERSION = YES_AGGRESSIVE;
				CLANG_CXX_LANGUAGE_STANDARD = "gnu++20";
				CLANG_ENABLE_MODULES = YES;
				CLANG_ENABLE_OBJC_ARC = YES;
				CLANG_ENABLE_OBJC_WEAK = YES;
				CLANG_WARN_BLOCK_CAPTURE_AUTORELEASING = YES;
				CLANG_WARN_BOOL_CONVERSION = YES;
				CLANG_WARN_COMMA = YES;
				CLANG_WARN_CONSTANT_CONVERSION = YES;
				CLANG_WARN_DEPRECATED_OBJC_IMPLEMENTATIONS = YES;
				CLANG_WARN_DIRECT_OBJC_ISA_USAGE = YES_ERROR;
				CLANG_WARN_DOCUMENTATION_COMMENTS = YES;
				CLANG_WARN_EMPTY_BODY = YES;
				CLANG_WARN_ENUM_CONVERSION = YES;
				CLANG_WARN_INFINITE_RECURSION = YES;
				CLANG_WARN_INT_CONVERSION = YES;
				CLANG_WARN_NON_LITERAL_NULL_CONVERSION = YES;
				CLANG_WARN_OBJC_IMPLICIT_RETAIN_SELF = YES;
				CLANG_WARN_OBJC_LITERAL_CONVERSION = YES;
				CLANG_WARN_OBJC_ROOT_CLASS = YES_ERROR;
				CLANG_WARN_QUOTED_INCLUDE_IN_FRAMEWORK_HEADER = YES;
				CLANG_WARN_RANGE_LOOP_ANALYSIS = YES;
				CLANG_WARN_STRICT_PROTOTYPES = YES;
				CLANG_WARN_SUSPICIOUS_MOVE = YES;
				CLANG_WARN_UNGUARDED_AVAILABILITY = YES_AGGRESSIVE;
				CLANG_WARN_UNREACHABLE_CODE = YES;
				CLANG_WARN__DUPLICATE_METHOD_MATCH = YES;
				COPY_PHASE_STRIP = NO;
				DEBUG_INFORMATION_FORMAT = "dwarf-with-dsym";
				ENABLE_NS_ASSERTIONS = NO;
				ENABLE_STRICT_OBJC_MSGSEND = YES;
				ENABLE_USER_SCRIPT_SANDBOXING = YES;
				GCC_C_LANGUAGE_STANDARD = gnu17;
				GCC_NO_COMMON_BLOCKS = YES;
				GCC_WARN_64_TO_32_BIT_CONVERSION = YES;
				GCC_WARN_ABOUT_RETURN_TYPE = YES_ERROR;
				GCC_WARN_UNDECLARED_SELECTOR = YES;
				GCC_WARN_UNINITIALIZED_AUTOS = YES_AGGRESSIVE;
				GCC_WARN_UNUSED_FUNCTION = YES;
				GCC_WARN_UNUSED_VARIABLE = YES;
				IPHONEOS_DEPLOYMENT_TARGET = 17.2;
				LOCALIZATION_PREFERS_STRING_CATALOGS = YES;
				MTL_ENABLE_DEBUG_INFO = NO;
				MTL_FAST_MATH = YES;
				SDKROOT = iphoneos;
				SWIFT_COMPILATION_MODE = wholemodule;
				VALIDATE_PRODUCT = YES;
			};
			name = Release;
		};
		63E7221A2BACC5E400DBA143 /* Debug */ = {
			isa = XCBuildConfiguration;
			buildSettings = {
				ASSETCATALOG_COMPILER_APPICON_NAME = AppIcon;
				ASSETCATALOG_COMPILER_GLOBAL_ACCENT_COLOR_NAME = AccentColor;
				CODE_SIGN_STYLE = Automatic;
				CURRENT_PROJECT_VERSION = 1;
				DEVELOPMENT_ASSET_PATHS = "\"MemoryGame/Preview Content\"";
				DEVELOPMENT_TEAM = G428U92T2V;
				ENABLE_PREVIEWS = YES;
				GENERATE_INFOPLIST_FILE = YES;
				INFOPLIST_KEY_UIApplicationSceneManifest_Generation = YES;
				INFOPLIST_KEY_UIApplicationSupportsIndirectInputEvents = YES;
				INFOPLIST_KEY_UILaunchScreen_Generation = YES;
				INFOPLIST_KEY_UISupportedInterfaceOrientations_iPad = "UIInterfaceOrientationPortrait UIInterfaceOrientationPortraitUpsideDown UIInterfaceOrientationLandscapeLeft UIInterfaceOrientationLandscapeRight";
				INFOPLIST_KEY_UISupportedInterfaceOrientations_iPhone = "UIInterfaceOrientationPortrait UIInterfaceOrientationLandscapeLeft UIInterfaceOrientationLandscapeRight";
				LD_RUNPATH_SEARCH_PATHS = (
					"$(inherited)",
					"@executable_path/Frameworks",
				);
				MARKETING_VERSION = 1.0;
				PRODUCT_BUNDLE_IDENTIFIER = qetsia.PhotoScavenger;
				PRODUCT_NAME = "$(TARGET_NAME)";
				SWIFT_EMIT_LOC_STRINGS = YES;
				SWIFT_VERSION = 5.0;
				TARGETED_DEVICE_FAMILY = "1,2";
			};
			name = Debug;
		};
		63E7221B2BACC5E400DBA143 /* Release */ = {
			isa = XCBuildConfiguration;
			buildSettings = {
				ASSETCATALOG_COMPILER_APPICON_NAME = AppIcon;
				ASSETCATALOG_COMPILER_GLOBAL_ACCENT_COLOR_NAME = AccentColor;
				CODE_SIGN_STYLE = Automatic;
				CURRENT_PROJECT_VERSION = 1;
				DEVELOPMENT_ASSET_PATHS = "\"MemoryGame/Preview Content\"";
				DEVELOPMENT_TEAM = G428U92T2V;
				ENABLE_PREVIEWS = YES;
				GENERATE_INFOPLIST_FILE = YES;
				INFOPLIST_KEY_UIApplicationSceneManifest_Generation = YES;
				INFOPLIST_KEY_UIApplicationSupportsIndirectInputEvents = YES;
				INFOPLIST_KEY_UILaunchScreen_Generation = YES;
				INFOPLIST_KEY_UISupportedInterfaceOrientations_iPad = "UIInterfaceOrientationPortrait UIInterfaceOrientationPortraitUpsideDown UIInterfaceOrientationLandscapeLeft UIInterfaceOrientationLandscapeRight";
				INFOPLIST_KEY_UISupportedInterfaceOrientations_iPhone = "UIInterfaceOrientationPortrait UIInterfaceOrientationLandscapeLeft UIInterfaceOrientationLandscapeRight";
				LD_RUNPATH_SEARCH_PATHS = (
					"$(inherited)",
					"@executable_path/Frameworks",
				);
				MARKETING_VERSION = 1.0;
				PRODUCT_BUNDLE_IDENTIFIER = qetsia.PhotoScavenger;
				PRODUCT_NAME = "$(TARGET_NAME)";
				SWIFT_EMIT_LOC_STRINGS = YES;
				SWIFT_VERSION = 5.0;
				TARGETED_DEVICE_FAMILY = "1,2";
			};
			name = Release;
		};
/* End XCBuildConfiguration section */

/* Begin XCConfigurationList section */
		63E722062BACC5E100DBA143 /* Build configuration list for PBXProject "MemoryGame" */ = {
			isa = XCConfigurationList;
			buildConfigurations = (
				63E722172BACC5E400DBA143 /* Debug */,
				63E722182BACC5E400DBA143 /* Release */,
			);
			defaultConfigurationIsVisible = 0;
			defaultConfigurationName = Release;
		};
		63E722192BACC5E400DBA143 /* Build configuration list for PBXNativeTarget "MemoryGame" */ = {
			isa = XCConfigurationList;
			buildConfigurations = (
				63E7221A2BACC5E400DBA143 /* Debug */,
				63E7221B2BACC5E400DBA143 /* Release */,
			);
			defaultConfigurationIsVisible = 0;
			defaultConfigurationName = Release;
		};
/* End XCConfigurationList section */
	};
	rootObject = 63E722032BACC5E100DBA143 /* Project object */;
}
